// !$*UTF8*$!
{
	archiveVersion = 1;
	classes = {
	};
	objectVersion = 56;
	objects = {

/* Begin PBXBuildFile section */
		3F0C91AE2C1B5028008BCB07 /* MealListView.swift in Sources */ = {isa = PBXBuildFile; fileRef = 3F0C91AD2C1B5028008BCB07 /* MealListView.swift */; };
		3F0C91B02C1B5043008BCB07 /* MealDetailView.swift in Sources */ = {isa = PBXBuildFile; fileRef = 3F0C91AF2C1B5043008BCB07 /* MealDetailView.swift */; };
		3F0C91B22C1B5062008BCB07 /* RemoteImageView.swift in Sources */ = {isa = PBXBuildFile; fileRef = 3F0C91B12C1B5062008BCB07 /* RemoteImageView.swift */; };
		3F0C91B72C1B51AA008BCB07 /* MealDetail.swift in Sources */ = {isa = PBXBuildFile; fileRef = 3F0C91B62C1B51AA008BCB07 /* MealDetail.swift */; };
		3F0C91B92C1B51C0008BCB07 /* Meal.swift in Sources */ = {isa = PBXBuildFile; fileRef = 3F0C91B82C1B51C0008BCB07 /* Meal.swift */; };
		3FE2AC1C2C1B4E0500EAC610 /* Fetch_TheMeal_DessertApp.swift in Sources */ = {isa = PBXBuildFile; fileRef = 3FE2AC1B2C1B4E0500EAC610 /* Fetch_TheMeal_DessertApp.swift */; };
		3FE2AC1E2C1B4E0500EAC610 /* ContentView.swift in Sources */ = {isa = PBXBuildFile; fileRef = 3FE2AC1D2C1B4E0500EAC610 /* ContentView.swift */; };
		3FE2AC202C1B4E0700EAC610 /* Assets.xcassets in Resources */ = {isa = PBXBuildFile; fileRef = 3FE2AC1F2C1B4E0700EAC610 /* Assets.xcassets */; };
		3FE2AC232C1B4E0700EAC610 /* Preview Assets.xcassets in Resources */ = {isa = PBXBuildFile; fileRef = 3FE2AC222C1B4E0700EAC610 /* Preview Assets.xcassets */; };
		3FE2AC2D2C1B4E0800EAC610 /* Fetch_TheMeal_DessertTests.swift in Sources */ = {isa = PBXBuildFile; fileRef = 3FE2AC2C2C1B4E0800EAC610 /* Fetch_TheMeal_DessertTests.swift */; };
		3FE2AC372C1B4E0800EAC610 /* Fetch_TheMeal_DessertUITests.swift in Sources */ = {isa = PBXBuildFile; fileRef = 3FE2AC362C1B4E0800EAC610 /* Fetch_TheMeal_DessertUITests.swift */; };
		3FE2AC392C1B4E0800EAC610 /* Fetch_TheMeal_DessertUITestsLaunchTests.swift in Sources */ = {isa = PBXBuildFile; fileRef = 3FE2AC382C1B4E0800EAC610 /* Fetch_TheMeal_DessertUITestsLaunchTests.swift */; };
		3FE2AC472C1B4E5200EAC610 /* MealDetailViewModelTests.swift in Sources */ = {isa = PBXBuildFile; fileRef = 3FE2AC462C1B4E5200EAC610 /* MealDetailViewModelTests.swift */; };
		3FE2AC492C1B4EA200EAC610 /* MealListViewModelTests.swift in Sources */ = {isa = PBXBuildFile; fileRef = 3FE2AC482C1B4EA200EAC610 /* MealListViewModelTests.swift */; };
		3FE2AC4C2C1B4ECF00EAC610 /* MockAPIManager.swift in Sources */ = {isa = PBXBuildFile; fileRef = 3FE2AC4B2C1B4ECF00EAC610 /* MockAPIManager.swift */; };
		3FE2AC4F2C1B4F0B00EAC610 /* RemoteImageLoader.swift in Sources */ = {isa = PBXBuildFile; fileRef = 3FE2AC4E2C1B4F0B00EAC610 /* RemoteImageLoader.swift */; };
		3FE2AC522C1B4F5500EAC610 /* APIManager.swift in Sources */ = {isa = PBXBuildFile; fileRef = 3FE2AC512C1B4F5500EAC610 /* APIManager.swift */; };
		3FE2AC542C1B4F7600EAC610 /* APIProtocol.swift in Sources */ = {isa = PBXBuildFile; fileRef = 3FE2AC532C1B4F7600EAC610 /* APIProtocol.swift */; };
		3FE2AC572C1B4FB000EAC610 /* MealDetailViewModel.swift in Sources */ = {isa = PBXBuildFile; fileRef = 3FE2AC562C1B4FB000EAC610 /* MealDetailViewModel.swift */; };
		3FE2AC592C1B4FC700EAC610 /* MealListViewModel.swift in Sources */ = {isa = PBXBuildFile; fileRef = 3FE2AC582C1B4FC700EAC610 /* MealListViewModel.swift */; };
/* End PBXBuildFile section */

/* Begin PBXContainerItemProxy section */
		3FE2AC292C1B4E0700EAC610 /* PBXContainerItemProxy */ = {
			isa = PBXContainerItemProxy;
			containerPortal = 3FE2AC102C1B4E0500EAC610 /* Project object */;
			proxyType = 1;
			remoteGlobalIDString = 3FE2AC172C1B4E0500EAC610;
			remoteInfo = "Fetch_TheMeal Dessert";
		};
		3FE2AC332C1B4E0800EAC610 /* PBXContainerItemProxy */ = {
			isa = PBXContainerItemProxy;
			containerPortal = 3FE2AC102C1B4E0500EAC610 /* Project object */;
			proxyType = 1;
			remoteGlobalIDString = 3FE2AC172C1B4E0500EAC610;
			remoteInfo = "Fetch_TheMeal Dessert";
		};
/* End PBXContainerItemProxy section */

/* Begin PBXFileReference section */
		3F0C91AD2C1B5028008BCB07 /* MealListView.swift */ = {isa = PBXFileReference; lastKnownFileType = sourcecode.swift; path = MealListView.swift; sourceTree = "<group>"; };
		3F0C91AF2C1B5043008BCB07 /* MealDetailView.swift */ = {isa = PBXFileReference; lastKnownFileType = sourcecode.swift; path = MealDetailView.swift; sourceTree = "<group>"; };
		3F0C91B12C1B5062008BCB07 /* RemoteImageView.swift */ = {isa = PBXFileReference; lastKnownFileType = sourcecode.swift; path = RemoteImageView.swift; sourceTree = "<group>"; };
		3F0C91B62C1B51AA008BCB07 /* MealDetail.swift */ = {isa = PBXFileReference; lastKnownFileType = sourcecode.swift; path = MealDetail.swift; sourceTree = "<group>"; };
		3F0C91B82C1B51C0008BCB07 /* Meal.swift */ = {isa = PBXFileReference; lastKnownFileType = sourcecode.swift; path = Meal.swift; sourceTree = "<group>"; };
		3FE2AC182C1B4E0500EAC610 /* Fetch_TheMeal Dessert.app */ = {isa = PBXFileReference; explicitFileType = wrapper.application; includeInIndex = 0; path = "Fetch_TheMeal Dessert.app"; sourceTree = BUILT_PRODUCTS_DIR; };
		3FE2AC1B2C1B4E0500EAC610 /* Fetch_TheMeal_DessertApp.swift */ = {isa = PBXFileReference; lastKnownFileType = sourcecode.swift; path = Fetch_TheMeal_DessertApp.swift; sourceTree = "<group>"; };
		3FE2AC1D2C1B4E0500EAC610 /* ContentView.swift */ = {isa = PBXFileReference; lastKnownFileType = sourcecode.swift; path = ContentView.swift; sourceTree = "<group>"; };
		3FE2AC1F2C1B4E0700EAC610 /* Assets.xcassets */ = {isa = PBXFileReference; lastKnownFileType = folder.assetcatalog; path = Assets.xcassets; sourceTree = "<group>"; };
		3FE2AC222C1B4E0700EAC610 /* Preview Assets.xcassets */ = {isa = PBXFileReference; lastKnownFileType = folder.assetcatalog; path = "Preview Assets.xcassets"; sourceTree = "<group>"; };
		3FE2AC282C1B4E0700EAC610 /* Fetch_TheMeal DessertTests.xctest */ = {isa = PBXFileReference; explicitFileType = wrapper.cfbundle; includeInIndex = 0; path = "Fetch_TheMeal DessertTests.xctest"; sourceTree = BUILT_PRODUCTS_DIR; };
		3FE2AC2C2C1B4E0800EAC610 /* Fetch_TheMeal_DessertTests.swift */ = {isa = PBXFileReference; lastKnownFileType = sourcecode.swift; path = Fetch_TheMeal_DessertTests.swift; sourceTree = "<group>"; };
		3FE2AC322C1B4E0800EAC610 /* Fetch_TheMeal DessertUITests.xctest */ = {isa = PBXFileReference; explicitFileType = wrapper.cfbundle; includeInIndex = 0; path = "Fetch_TheMeal DessertUITests.xctest"; sourceTree = BUILT_PRODUCTS_DIR; };
		3FE2AC362C1B4E0800EAC610 /* Fetch_TheMeal_DessertUITests.swift */ = {isa = PBXFileReference; lastKnownFileType = sourcecode.swift; path = Fetch_TheMeal_DessertUITests.swift; sourceTree = "<group>"; };
		3FE2AC382C1B4E0800EAC610 /* Fetch_TheMeal_DessertUITestsLaunchTests.swift */ = {isa = PBXFileReference; lastKnownFileType = sourcecode.swift; path = Fetch_TheMeal_DessertUITestsLaunchTests.swift; sourceTree = "<group>"; };
		3FE2AC462C1B4E5200EAC610 /* MealDetailViewModelTests.swift */ = {isa = PBXFileReference; lastKnownFileType = sourcecode.swift; path = MealDetailViewModelTests.swift; sourceTree = "<group>"; };
		3FE2AC482C1B4EA200EAC610 /* MealListViewModelTests.swift */ = {isa = PBXFileReference; lastKnownFileType = sourcecode.swift; path = MealListViewModelTests.swift; sourceTree = "<group>"; };
		3FE2AC4B2C1B4ECF00EAC610 /* MockAPIManager.swift */ = {isa = PBXFileReference; lastKnownFileType = sourcecode.swift; path = MockAPIManager.swift; sourceTree = "<group>"; };
		3FE2AC4E2C1B4F0B00EAC610 /* RemoteImageLoader.swift */ = {isa = PBXFileReference; lastKnownFileType = sourcecode.swift; path = RemoteImageLoader.swift; sourceTree = "<group>"; };
		3FE2AC512C1B4F5500EAC610 /* APIManager.swift */ = {isa = PBXFileReference; lastKnownFileType = sourcecode.swift; path = APIManager.swift; sourceTree = "<group>"; };
		3FE2AC532C1B4F7600EAC610 /* APIProtocol.swift */ = {isa = PBXFileReference; lastKnownFileType = sourcecode.swift; path = APIProtocol.swift; sourceTree = "<group>"; };
		3FE2AC562C1B4FB000EAC610 /* MealDetailViewModel.swift */ = {isa = PBXFileReference; lastKnownFileType = sourcecode.swift; path = MealDetailViewModel.swift; sourceTree = "<group>"; };
		3FE2AC582C1B4FC700EAC610 /* MealListViewModel.swift */ = {isa = PBXFileReference; lastKnownFileType = sourcecode.swift; path = MealListViewModel.swift; sourceTree = "<group>"; };
/* End PBXFileReference section */

/* Begin PBXFrameworksBuildPhase section */
		3FE2AC152C1B4E0500EAC610 /* Frameworks */ = {
			isa = PBXFrameworksBuildPhase;
			buildActionMask = 2147483647;
			files = (
			);
			runOnlyForDeploymentPostprocessing = 0;
		};
		3FE2AC252C1B4E0700EAC610 /* Frameworks */ = {
			isa = PBXFrameworksBuildPhase;
			buildActionMask = 2147483647;
			files = (
			);
			runOnlyForDeploymentPostprocessing = 0;
		};
		3FE2AC2F2C1B4E0800EAC610 /* Frameworks */ = {
			isa = PBXFrameworksBuildPhase;
			buildActionMask = 2147483647;
			files = (
			);
			runOnlyForDeploymentPostprocessing = 0;
		};
/* End PBXFrameworksBuildPhase section */

/* Begin PBXGroup section */
		3F0C91AC2C1B5000008BCB07 /* Views */ = {
			isa = PBXGroup;
			children = (
				3FE2AC1D2C1B4E0500EAC610 /* ContentView.swift */,
				3F0C91AD2C1B5028008BCB07 /* MealListView.swift */,
				3F0C91AF2C1B5043008BCB07 /* MealDetailView.swift */,
				3F0C91B12C1B5062008BCB07 /* RemoteImageView.swift */,
			);
			path = Views;
			sourceTree = "<group>";
		};
		3F0C91B32C1B50A4008BCB07 /* Models */ = {
			isa = PBXGroup;
			children = (
				3F0C91B62C1B51AA008BCB07 /* MealDetail.swift */,
				3F0C91B82C1B51C0008BCB07 /* Meal.swift */,
			);
			path = Models;
			sourceTree = "<group>";
		};
		3FE2AC0F2C1B4E0500EAC610 = {
			isa = PBXGroup;
			children = (
				3FE2AC1A2C1B4E0500EAC610 /* Fetch_TheMeal Dessert */,
				3FE2AC2B2C1B4E0800EAC610 /* Fetch_TheMeal DessertTests */,
				3FE2AC352C1B4E0800EAC610 /* Fetch_TheMeal DessertUITests */,
				3FE2AC192C1B4E0500EAC610 /* Products */,
			);
			sourceTree = "<group>";
		};
		3FE2AC192C1B4E0500EAC610 /* Products */ = {
			isa = PBXGroup;
			children = (
				3FE2AC182C1B4E0500EAC610 /* Fetch_TheMeal Dessert.app */,
				3FE2AC282C1B4E0700EAC610 /* Fetch_TheMeal DessertTests.xctest */,
				3FE2AC322C1B4E0800EAC610 /* Fetch_TheMeal DessertUITests.xctest */,
			);
			name = Products;
			sourceTree = "<group>";
		};
		3FE2AC1A2C1B4E0500EAC610 /* Fetch_TheMeal Dessert */ = {
			isa = PBXGroup;
			children = (
				3F0C91B32C1B50A4008BCB07 /* Models */,
				3F0C91AC2C1B5000008BCB07 /* Views */,
				3FE2AC552C1B4F9400EAC610 /* ViewModels */,
				3FE2AC502C1B4F4200EAC610 /* Services */,
				3FE2AC4D2C1B4EF500EAC610 /* Helper */,
				3FE2AC1B2C1B4E0500EAC610 /* Fetch_TheMeal_DessertApp.swift */,
				3FE2AC1F2C1B4E0700EAC610 /* Assets.xcassets */,
				3FE2AC212C1B4E0700EAC610 /* Preview Content */,
			);
			path = "Fetch_TheMeal Dessert";
			sourceTree = "<group>";
		};
		3FE2AC212C1B4E0700EAC610 /* Preview Content */ = {
			isa = PBXGroup;
			children = (
				3FE2AC222C1B4E0700EAC610 /* Preview Assets.xcassets */,
			);
			path = "Preview Content";
			sourceTree = "<group>";
		};
		3FE2AC2B2C1B4E0800EAC610 /* Fetch_TheMeal DessertTests */ = {
			isa = PBXGroup;
			children = (
				3FE2AC4A2C1B4EC000EAC610 /* Mock */,
				3FE2AC452C1B4E3700EAC610 /* ViewModelTests */,
				3FE2AC2C2C1B4E0800EAC610 /* Fetch_TheMeal_DessertTests.swift */,
			);
			path = "Fetch_TheMeal DessertTests";
			sourceTree = "<group>";
		};
		3FE2AC352C1B4E0800EAC610 /* Fetch_TheMeal DessertUITests */ = {
			isa = PBXGroup;
			children = (
				3FE2AC362C1B4E0800EAC610 /* Fetch_TheMeal_DessertUITests.swift */,
				3FE2AC382C1B4E0800EAC610 /* Fetch_TheMeal_DessertUITestsLaunchTests.swift */,
			);
			path = "Fetch_TheMeal DessertUITests";
			sourceTree = "<group>";
		};
		3FE2AC452C1B4E3700EAC610 /* ViewModelTests */ = {
			isa = PBXGroup;
			children = (
				3FE2AC462C1B4E5200EAC610 /* MealDetailViewModelTests.swift */,
				3FE2AC482C1B4EA200EAC610 /* MealListViewModelTests.swift */,
			);
			path = ViewModelTests;
			sourceTree = "<group>";
		};
		3FE2AC4A2C1B4EC000EAC610 /* Mock */ = {
			isa = PBXGroup;
			children = (
				3FE2AC4B2C1B4ECF00EAC610 /* MockAPIManager.swift */,
			);
			path = Mock;
			sourceTree = "<group>";
		};
		3FE2AC4D2C1B4EF500EAC610 /* Helper */ = {
			isa = PBXGroup;
			children = (
				3FE2AC4E2C1B4F0B00EAC610 /* RemoteImageLoader.swift */,
			);
			path = Helper;
			sourceTree = "<group>";
		};
		3FE2AC502C1B4F4200EAC610 /* Services */ = {
			isa = PBXGroup;
			children = (
				3FE2AC512C1B4F5500EAC610 /* APIManager.swift */,
				3FE2AC532C1B4F7600EAC610 /* APIProtocol.swift */,
			);
			path = Services;
			sourceTree = "<group>";
		};
		3FE2AC552C1B4F9400EAC610 /* ViewModels */ = {
			isa = PBXGroup;
			children = (
				3FE2AC562C1B4FB000EAC610 /* MealDetailViewModel.swift */,
				3FE2AC582C1B4FC700EAC610 /* MealListViewModel.swift */,
			);
			path = ViewModels;
			sourceTree = "<group>";
		};
/* End PBXGroup section */

/* Begin PBXNativeTarget section */
		3FE2AC172C1B4E0500EAC610 /* Fetch_TheMeal Dessert */ = {
			isa = PBXNativeTarget;
			buildConfigurationList = 3FE2AC3C2C1B4E0800EAC610 /* Build configuration list for PBXNativeTarget "Fetch_TheMeal Dessert" */;
			buildPhases = (
				3FE2AC142C1B4E0500EAC610 /* Sources */,
				3FE2AC152C1B4E0500EAC610 /* Frameworks */,
				3FE2AC162C1B4E0500EAC610 /* Resources */,
			);
			buildRules = (
			);
			dependencies = (
			);
			name = "Fetch_TheMeal Dessert";
			productName = "Fetch_TheMeal Dessert";
			productReference = 3FE2AC182C1B4E0500EAC610 /* Fetch_TheMeal Dessert.app */;
			productType = "com.apple.product-type.application";
		};
		3FE2AC272C1B4E0700EAC610 /* Fetch_TheMeal DessertTests */ = {
			isa = PBXNativeTarget;
			buildConfigurationList = 3FE2AC3F2C1B4E0800EAC610 /* Build configuration list for PBXNativeTarget "Fetch_TheMeal DessertTests" */;
			buildPhases = (
				3FE2AC242C1B4E0700EAC610 /* Sources */,
				3FE2AC252C1B4E0700EAC610 /* Frameworks */,
				3FE2AC262C1B4E0700EAC610 /* Resources */,
			);
			buildRules = (
			);
			dependencies = (
				3FE2AC2A2C1B4E0700EAC610 /* PBXTargetDependency */,
			);
			name = "Fetch_TheMeal DessertTests";
			productName = "Fetch_TheMeal DessertTests";
			productReference = 3FE2AC282C1B4E0700EAC610 /* Fetch_TheMeal DessertTests.xctest */;
			productType = "com.apple.product-type.bundle.unit-test";
		};
		3FE2AC312C1B4E0800EAC610 /* Fetch_TheMeal DessertUITests */ = {
			isa = PBXNativeTarget;
			buildConfigurationList = 3FE2AC422C1B4E0800EAC610 /* Build configuration list for PBXNativeTarget "Fetch_TheMeal DessertUITests" */;
			buildPhases = (
				3FE2AC2E2C1B4E0800EAC610 /* Sources */,
				3FE2AC2F2C1B4E0800EAC610 /* Frameworks */,
				3FE2AC302C1B4E0800EAC610 /* Resources */,
			);
			buildRules = (
			);
			dependencies = (
				3FE2AC342C1B4E0800EAC610 /* PBXTargetDependency */,
			);
			name = "Fetch_TheMeal DessertUITests";
			productName = "Fetch_TheMeal DessertUITests";
			productReference = 3FE2AC322C1B4E0800EAC610 /* Fetch_TheMeal DessertUITests.xctest */;
			productType = "com.apple.product-type.bundle.ui-testing";
		};
/* End PBXNativeTarget section */

/* Begin PBXProject section */
		3FE2AC102C1B4E0500EAC610 /* Project object */ = {
			isa = PBXProject;
			attributes = {
				BuildIndependentTargetsInParallel = 1;
				LastSwiftUpdateCheck = 1530;
				LastUpgradeCheck = 1530;
				TargetAttributes = {
					3FE2AC172C1B4E0500EAC610 = {
						CreatedOnToolsVersion = 15.3;
					};
					3FE2AC272C1B4E0700EAC610 = {
						CreatedOnToolsVersion = 15.3;
						TestTargetID = 3FE2AC172C1B4E0500EAC610;
					};
					3FE2AC312C1B4E0800EAC610 = {
						CreatedOnToolsVersion = 15.3;
						TestTargetID = 3FE2AC172C1B4E0500EAC610;
					};
				};
			};
			buildConfigurationList = 3FE2AC132C1B4E0500EAC610 /* Build configuration list for PBXProject "Fetch_TheMeal Dessert" */;
			compatibilityVersion = "Xcode 14.0";
			developmentRegion = en;
			hasScannedForEncodings = 0;
			knownRegions = (
				en,
				Base,
			);
			mainGroup = 3FE2AC0F2C1B4E0500EAC610;
			productRefGroup = 3FE2AC192C1B4E0500EAC610 /* Products */;
			projectDirPath = "";
			projectRoot = "";
			targets = (
				3FE2AC172C1B4E0500EAC610 /* Fetch_TheMeal Dessert */,
				3FE2AC272C1B4E0700EAC610 /* Fetch_TheMeal DessertTests */,
				3FE2AC312C1B4E0800EAC610 /* Fetch_TheMeal DessertUITests */,
			);
		};
/* End PBXProject section */

/* Begin PBXResourcesBuildPhase section */
		3FE2AC162C1B4E0500EAC610 /* Resources */ = {
			isa = PBXResourcesBuildPhase;
			buildActionMask = 2147483647;
			files = (
				3FE2AC232C1B4E0700EAC610 /* Preview Assets.xcassets in Resources */,
				3FE2AC202C1B4E0700EAC610 /* Assets.xcassets in Resources */,
			);
			runOnlyForDeploymentPostprocessing = 0;
		};
		3FE2AC262C1B4E0700EAC610 /* Resources */ = {
			isa = PBXResourcesBuildPhase;
			buildActionMask = 2147483647;
			files = (
			);
			runOnlyForDeploymentPostprocessing = 0;
		};
		3FE2AC302C1B4E0800EAC610 /* Resources */ = {
			isa = PBXResourcesBuildPhase;
			buildActionMask = 2147483647;
			files = (
			);
			runOnlyForDeploymentPostprocessing = 0;
		};
/* End PBXResourcesBuildPhase section */

/* Begin PBXSourcesBuildPhase section */
		3FE2AC142C1B4E0500EAC610 /* Sources */ = {
			isa = PBXSourcesBuildPhase;
			buildActionMask = 2147483647;
			files = (
				3F0C91B02C1B5043008BCB07 /* MealDetailView.swift in Sources */,
				3FE2AC522C1B4F5500EAC610 /* APIManager.swift in Sources */,
				3FE2AC4F2C1B4F0B00EAC610 /* RemoteImageLoader.swift in Sources */,
				3FE2AC592C1B4FC700EAC610 /* MealListViewModel.swift in Sources */,
				3F0C91B92C1B51C0008BCB07 /* Meal.swift in Sources */,
				3F0C91AE2C1B5028008BCB07 /* MealListView.swift in Sources */,
				3FE2AC1E2C1B4E0500EAC610 /* ContentView.swift in Sources */,
				3FE2AC542C1B4F7600EAC610 /* APIProtocol.swift in Sources */,
				3FE2AC572C1B4FB000EAC610 /* MealDetailViewModel.swift in Sources */,
				3F0C91B72C1B51AA008BCB07 /* MealDetail.swift in Sources */,
				3F0C91B22C1B5062008BCB07 /* RemoteImageView.swift in Sources */,
				3FE2AC1C2C1B4E0500EAC610 /* Fetch_TheMeal_DessertApp.swift in Sources */,
			);
			runOnlyForDeploymentPostprocessing = 0;
		};
		3FE2AC242C1B4E0700EAC610 /* Sources */ = {
			isa = PBXSourcesBuildPhase;
			buildActionMask = 2147483647;
			files = (
				3FE2AC472C1B4E5200EAC610 /* MealDetailViewModelTests.swift in Sources */,
				3FE2AC2D2C1B4E0800EAC610 /* Fetch_TheMeal_DessertTests.swift in Sources */,
				3FE2AC4C2C1B4ECF00EAC610 /* MockAPIManager.swift in Sources */,
				3FE2AC492C1B4EA200EAC610 /* MealListViewModelTests.swift in Sources */,
			);
			runOnlyForDeploymentPostprocessing = 0;
		};
		3FE2AC2E2C1B4E0800EAC610 /* Sources */ = {
			isa = PBXSourcesBuildPhase;
			buildActionMask = 2147483647;
			files = (
				3FE2AC372C1B4E0800EAC610 /* Fetch_TheMeal_DessertUITests.swift in Sources */,
				3FE2AC392C1B4E0800EAC610 /* Fetch_TheMeal_DessertUITestsLaunchTests.swift in Sources */,
			);
			runOnlyForDeploymentPostprocessing = 0;
		};
/* End PBXSourcesBuildPhase section */

/* Begin PBXTargetDependency section */
		3FE2AC2A2C1B4E0700EAC610 /* PBXTargetDependency */ = {
			isa = PBXTargetDependency;
			target = 3FE2AC172C1B4E0500EAC610 /* Fetch_TheMeal Dessert */;
			targetProxy = 3FE2AC292C1B4E0700EAC610 /* PBXContainerItemProxy */;
		};
		3FE2AC342C1B4E0800EAC610 /* PBXTargetDependency */ = {
			isa = PBXTargetDependency;
			target = 3FE2AC172C1B4E0500EAC610 /* Fetch_TheMeal Dessert */;
			targetProxy = 3FE2AC332C1B4E0800EAC610 /* PBXContainerItemProxy */;
		};
/* End PBXTargetDependency section */

/* Begin XCBuildConfiguration section */
		3FE2AC3A2C1B4E0800EAC610 /* Debug */ = {
			isa = XCBuildConfiguration;
			buildSettings = {
				ALWAYS_SEARCH_USER_PATHS = NO;
				ASSETCATALOG_COMPILER_GENERATE_SWIFT_ASSET_SYMBOL_EXTENSIONS = YES;
				CLANG_ANALYZER_NONNULL = YES;
				CLANG_ANALYZER_NUMBER_OBJECT_CONVERSION = YES_AGGRESSIVE;
				CLANG_CXX_LANGUAGE_STANDARD = "gnu++20";
				CLANG_ENABLE_MODULES = YES;
				CLANG_ENABLE_OBJC_ARC = YES;
				CLANG_ENABLE_OBJC_WEAK = YES;
				CLANG_WARN_BLOCK_CAPTURE_AUTORELEASING = YES;
				CLANG_WARN_BOOL_CONVERSION = YES;
				CLANG_WARN_COMMA = YES;
				CLANG_WARN_CONSTANT_CONVERSION = YES;
				CLANG_WARN_DEPRECATED_OBJC_IMPLEMENTATIONS = YES;
				CLANG_WARN_DIRECT_OBJC_ISA_USAGE = YES_ERROR;
				CLANG_WARN_DOCUMENTATION_COMMENTS = YES;
				CLANG_WARN_EMPTY_BODY = YES;
				CLANG_WARN_ENUM_CONVERSION = YES;
				CLANG_WARN_INFINITE_RECURSION = YES;
				CLANG_WARN_INT_CONVERSION = YES;
				CLANG_WARN_NON_LITERAL_NULL_CONVERSION = YES;
				CLANG_WARN_OBJC_IMPLICIT_RETAIN_SELF = YES;
				CLANG_WARN_OBJC_LITERAL_CONVERSION = YES;
				CLANG_WARN_OBJC_ROOT_CLASS = YES_ERROR;
				CLANG_WARN_QUOTED_INCLUDE_IN_FRAMEWORK_HEADER = YES;
				CLANG_WARN_RANGE_LOOP_ANALYSIS = YES;
				CLANG_WARN_STRICT_PROTOTYPES = YES;
				CLANG_WARN_SUSPICIOUS_MOVE = YES;
				CLANG_WARN_UNGUARDED_AVAILABILITY = YES_AGGRESSIVE;
				CLANG_WARN_UNREACHABLE_CODE = YES;
				CLANG_WARN__DUPLICATE_METHOD_MATCH = YES;
				COPY_PHASE_STRIP = NO;
				DEBUG_INFORMATION_FORMAT = dwarf;
				ENABLE_STRICT_OBJC_MSGSEND = YES;
				ENABLE_TESTABILITY = YES;
				ENABLE_USER_SCRIPT_SANDBOXING = YES;
				GCC_C_LANGUAGE_STANDARD = gnu17;
				GCC_DYNAMIC_NO_PIC = NO;
				GCC_NO_COMMON_BLOCKS = YES;
				GCC_OPTIMIZATION_LEVEL = 0;
				GCC_PREPROCESSOR_DEFINITIONS = (
					"DEBUG=1",
					"$(inherited)",
				);
				GCC_WARN_64_TO_32_BIT_CONVERSION = YES;
				GCC_WARN_ABOUT_RETURN_TYPE = YES_ERROR;
				GCC_WARN_UNDECLARED_SELECTOR = YES;
				GCC_WARN_UNINITIALIZED_AUTOS = YES_AGGRESSIVE;
				GCC_WARN_UNUSED_FUNCTION = YES;
				GCC_WARN_UNUSED_VARIABLE = YES;
				IPHONEOS_DEPLOYMENT_TARGET = 17.4;
				LOCALIZATION_PREFERS_STRING_CATALOGS = YES;
				MTL_ENABLE_DEBUG_INFO = INCLUDE_SOURCE;
				MTL_FAST_MATH = YES;
				ONLY_ACTIVE_ARCH = YES;
				SDKROOT = iphoneos;
				SWIFT_ACTIVE_COMPILATION_CONDITIONS = "DEBUG $(inherited)";
				SWIFT_OPTIMIZATION_LEVEL = "-Onone";
			};
			name = Debug;
		};
		3FE2AC3B2C1B4E0800EAC610 /* Release */ = {
			isa = XCBuildConfiguration;
			buildSettings = {
				ALWAYS_SEARCH_USER_PATHS = NO;
				ASSETCATALOG_COMPILER_GENERATE_SWIFT_ASSET_SYMBOL_EXTENSIONS = YES;
				CLANG_ANALYZER_NONNULL = YES;
				CLANG_ANALYZER_NUMBER_OBJECT_CONVERSION = YES_AGGRESSIVE;
				CLANG_CXX_LANGUAGE_STANDARD = "gnu++20";
				CLANG_ENABLE_MODULES = YES;
				CLANG_ENABLE_OBJC_ARC = YES;
				CLANG_ENABLE_OBJC_WEAK = YES;
				CLANG_WARN_BLOCK_CAPTURE_AUTORELEASING = YES;
				CLANG_WARN_BOOL_CONVERSION = YES;
				CLANG_WARN_COMMA = YES;
				CLANG_WARN_CONSTANT_CONVERSION = YES;
				CLANG_WARN_DEPRECATED_OBJC_IMPLEMENTATIONS = YES;
				CLANG_WARN_DIRECT_OBJC_ISA_USAGE = YES_ERROR;
				CLANG_WARN_DOCUMENTATION_COMMENTS = YES;
				CLANG_WARN_EMPTY_BODY = YES;
				CLANG_WARN_ENUM_CONVERSION = YES;
				CLANG_WARN_INFINITE_RECURSION = YES;
				CLANG_WARN_INT_CONVERSION = YES;
				CLANG_WARN_NON_LITERAL_NULL_CONVERSION = YES;
				CLANG_WARN_OBJC_IMPLICIT_RETAIN_SELF = YES;
				CLANG_WARN_OBJC_LITERAL_CONVERSION = YES;
				CLANG_WARN_OBJC_ROOT_CLASS = YES_ERROR;
				CLANG_WARN_QUOTED_INCLUDE_IN_FRAMEWORK_HEADER = YES;
				CLANG_WARN_RANGE_LOOP_ANALYSIS = YES;
				CLANG_WARN_STRICT_PROTOTYPES = YES;
				CLANG_WARN_SUSPICIOUS_MOVE = YES;
				CLANG_WARN_UNGUARDED_AVAILABILITY = YES_AGGRESSIVE;
				CLANG_WARN_UNREACHABLE_CODE = YES;
				CLANG_WARN__DUPLICATE_METHOD_MATCH = YES;
				COPY_PHASE_STRIP = NO;
				DEBUG_INFORMATION_FORMAT = "dwarf-with-dsym";
				ENABLE_NS_ASSERTIONS = NO;
				ENABLE_STRICT_OBJC_MSGSEND = YES;
				ENABLE_USER_SCRIPT_SANDBOXING = YES;
				GCC_C_LANGUAGE_STANDARD = gnu17;
				GCC_NO_COMMON_BLOCKS = YES;
				GCC_WARN_64_TO_32_BIT_CONVERSION = YES;
				GCC_WARN_ABOUT_RETURN_TYPE = YES_ERROR;
				GCC_WARN_UNDECLARED_SELECTOR = YES;
				GCC_WARN_UNINITIALIZED_AUTOS = YES_AGGRESSIVE;
				GCC_WARN_UNUSED_FUNCTION = YES;
				GCC_WARN_UNUSED_VARIABLE = YES;
				IPHONEOS_DEPLOYMENT_TARGET = 17.4;
				LOCALIZATION_PREFERS_STRING_CATALOGS = YES;
				MTL_ENABLE_DEBUG_INFO = NO;
				MTL_FAST_MATH = YES;
				SDKROOT = iphoneos;
				SWIFT_COMPILATION_MODE = wholemodule;
				VALIDATE_PRODUCT = YES;
			};
			name = Release;
		};
		3FE2AC3D2C1B4E0800EAC610 /* Debug */ = {
			isa = XCBuildConfiguration;
			buildSettings = {
				ASSETCATALOG_COMPILER_APPICON_NAME = AppIcon;
				ASSETCATALOG_COMPILER_GLOBAL_ACCENT_COLOR_NAME = AccentColor;
				CODE_SIGN_STYLE = Automatic;
				CURRENT_PROJECT_VERSION = 1;
				DEVELOPMENT_ASSET_PATHS = "\"Fetch_TheMeal Dessert/Preview Content\"";
				ENABLE_PREVIEWS = YES;
				GENERATE_INFOPLIST_FILE = YES;
				INFOPLIST_KEY_UIApplicationSceneManifest_Generation = YES;
				INFOPLIST_KEY_UIApplicationSupportsIndirectInputEvents = YES;
				INFOPLIST_KEY_UILaunchScreen_Generation = YES;
				INFOPLIST_KEY_UISupportedInterfaceOrientations_iPad = "UIInterfaceOrientationPortrait UIInterfaceOrientationPortraitUpsideDown UIInterfaceOrientationLandscapeLeft UIInterfaceOrientationLandscapeRight";
				INFOPLIST_KEY_UISupportedInterfaceOrientations_iPhone = "UIInterfaceOrientationPortrait UIInterfaceOrientationLandscapeLeft UIInterfaceOrientationLandscapeRight";
				LD_RUNPATH_SEARCH_PATHS = (
					"$(inherited)",
					"@executable_path/Frameworks",
				);
				MARKETING_VERSION = 1.0;
				PRODUCT_BUNDLE_IDENTIFIER = "com.dikshita.Fetch-TheMeal-Dessert";
				PRODUCT_NAME = "$(TARGET_NAME)";
				SWIFT_EMIT_LOC_STRINGS = YES;
				SWIFT_VERSION = 5.0;
				TARGETED_DEVICE_FAMILY = "1,2";
			};
			name = Debug;
		};
		3FE2AC3E2C1B4E0800EAC610 /* Release */ = {
			isa = XCBuildConfiguration;
			buildSettings = {
				ASSETCATALOG_COMPILER_APPICON_NAME = AppIcon;
				ASSETCATALOG_COMPILER_GLOBAL_ACCENT_COLOR_NAME = AccentColor;
				CODE_SIGN_STYLE = Automatic;
				CURRENT_PROJECT_VERSION = 1;
				DEVELOPMENT_ASSET_PATHS = "\"Fetch_TheMeal Dessert/Preview Content\"";
				ENABLE_PREVIEWS = YES;
				GENERATE_INFOPLIST_FILE = YES;
				INFOPLIST_KEY_UIApplicationSceneManifest_Generation = YES;
				INFOPLIST_KEY_UIApplicationSupportsIndirectInputEvents = YES;
				INFOPLIST_KEY_UILaunchScreen_Generation = YES;
				INFOPLIST_KEY_UISupportedInterfaceOrientations_iPad = "UIInterfaceOrientationPortrait UIInterfaceOrientationPortraitUpsideDown UIInterfaceOrientationLandscapeLeft UIInterfaceOrientationLandscapeRight";
				INFOPLIST_KEY_UISupportedInterfaceOrientations_iPhone = "UIInterfaceOrientationPortrait UIInterfaceOrientationLandscapeLeft UIInterfaceOrientationLandscapeRight";
				LD_RUNPATH_SEARCH_PATHS = (
					"$(inherited)",
					"@executable_path/Frameworks",
				);
				MARKETING_VERSION = 1.0;
				PRODUCT_BUNDLE_IDENTIFIER = "com.dikshita.Fetch-TheMeal-Dessert";
				PRODUCT_NAME = "$(TARGET_NAME)";
				SWIFT_EMIT_LOC_STRINGS = YES;
				SWIFT_VERSION = 5.0;
				TARGETED_DEVICE_FAMILY = "1,2";
			};
			name = Release;
		};
		3FE2AC402C1B4E0800EAC610 /* Debug */ = {
			isa = XCBuildConfiguration;
			buildSettings = {
				ALWAYS_EMBED_SWIFT_STANDARD_LIBRARIES = YES;
				BUNDLE_LOADER = "$(TEST_HOST)";
				CODE_SIGN_STYLE = Automatic;
				CURRENT_PROJECT_VERSION = 1;
				GENERATE_INFOPLIST_FILE = YES;
				IPHONEOS_DEPLOYMENT_TARGET = 17.4;
				MARKETING_VERSION = 1.0;
				PRODUCT_BUNDLE_IDENTIFIER = "com.dikshita.Fetch-TheMeal-DessertTests";
				PRODUCT_NAME = "$(TARGET_NAME)";
				SWIFT_EMIT_LOC_STRINGS = NO;
				SWIFT_VERSION = 5.0;
				TARGETED_DEVICE_FAMILY = "1,2";
				TEST_HOST = "$(BUILT_PRODUCTS_DIR)/Fetch_TheMeal Dessert.app/$(BUNDLE_EXECUTABLE_FOLDER_PATH)/Fetch_TheMeal Dessert";
			};
			name = Debug;
		};
		3FE2AC412C1B4E0800EAC610 /* Release */ = {
			isa = XCBuildConfiguration;
			buildSettings = {
				ALWAYS_EMBED_SWIFT_STANDARD_LIBRARIES = YES;
				BUNDLE_LOADER = "$(TEST_HOST)";
				CODE_SIGN_STYLE = Automatic;
				CURRENT_PROJECT_VERSION = 1;
				GENERATE_INFOPLIST_FILE = YES;
				IPHONEOS_DEPLOYMENT_TARGET = 17.4;
				MARKETING_VERSION = 1.0;
				PRODUCT_BUNDLE_IDENTIFIER = "com.dikshita.Fetch-TheMeal-DessertTests";
				PRODUCT_NAME = "$(TARGET_NAME)";
				SWIFT_EMIT_LOC_STRINGS = NO;
				SWIFT_VERSION = 5.0;
				TARGETED_DEVICE_FAMILY = "1,2";
				TEST_HOST = "$(BUILT_PRODUCTS_DIR)/Fetch_TheMeal Dessert.app/$(BUNDLE_EXECUTABLE_FOLDER_PATH)/Fetch_TheMeal Dessert";
			};
			name = Release;
		};
		3FE2AC432C1B4E0800EAC610 /* Debug */ = {
			isa = XCBuildConfiguration;
			buildSettings = {
				ALWAYS_EMBED_SWIFT_STANDARD_LIBRARIES = YES;
				CODE_SIGN_STYLE = Automatic;
				CURRENT_PROJECT_VERSION = 1;
				GENERATE_INFOPLIST_FILE = YES;
				MARKETING_VERSION = 1.0;
				PRODUCT_BUNDLE_IDENTIFIER = "com.dikshita.Fetch-TheMeal-DessertUITests";
				PRODUCT_NAME = "$(TARGET_NAME)";
				SWIFT_EMIT_LOC_STRINGS = NO;
				SWIFT_VERSION = 5.0;
				TARGETED_DEVICE_FAMILY = "1,2";
				TEST_TARGET_NAME = "Fetch_TheMeal Dessert";
			};
			name = Debug;
		};
		3FE2AC442C1B4E0800EAC610 /* Release */ = {
			isa = XCBuildConfiguration;
			buildSettings = {
				ALWAYS_EMBED_SWIFT_STANDARD_LIBRARIES = YES;
				CODE_SIGN_STYLE = Automatic;
				CURRENT_PROJECT_VERSION = 1;
				GENERATE_INFOPLIST_FILE = YES;
				MARKETING_VERSION = 1.0;
				PRODUCT_BUNDLE_IDENTIFIER = "com.dikshita.Fetch-TheMeal-DessertUITests";
				PRODUCT_NAME = "$(TARGET_NAME)";
				SWIFT_EMIT_LOC_STRINGS = NO;
				SWIFT_VERSION = 5.0;
				TARGETED_DEVICE_FAMILY = "1,2";
				TEST_TARGET_NAME = "Fetch_TheMeal Dessert";
			};
			name = Release;
		};
/* End XCBuildConfiguration section */

/* Begin XCConfigurationList section */
		3FE2AC132C1B4E0500EAC610 /* Build configuration list for PBXProject "Fetch_TheMeal Dessert" */ = {
			isa = XCConfigurationList;
			buildConfigurations = (
				3FE2AC3A2C1B4E0800EAC610 /* Debug */,
				3FE2AC3B2C1B4E0800EAC610 /* Release */,
			);
			defaultConfigurationIsVisible = 0;
			defaultConfigurationName = Release;
		};
		3FE2AC3C2C1B4E0800EAC610 /* Build configuration list for PBXNativeTarget "Fetch_TheMeal Dessert" */ = {
			isa = XCConfigurationList;
			buildConfigurations = (
				3FE2AC3D2C1B4E0800EAC610 /* Debug */,
				3FE2AC3E2C1B4E0800EAC610 /* Release */,
			);
			defaultConfigurationIsVisible = 0;
			defaultConfigurationName = Release;
		};
		3FE2AC3F2C1B4E0800EAC610 /* Build configuration list for PBXNativeTarget "Fetch_TheMeal DessertTests" */ = {
			isa = XCConfigurationList;
			buildConfigurations = (
				3FE2AC402C1B4E0800EAC610 /* Debug */,
				3FE2AC412C1B4E0800EAC610 /* Release */,
			);
			defaultConfigurationIsVisible = 0;
			defaultConfigurationName = Release;
		};
		3FE2AC422C1B4E0800EAC610 /* Build configuration list for PBXNativeTarget "Fetch_TheMeal DessertUITests" */ = {
			isa = XCConfigurationList;
			buildConfigurations = (
				3FE2AC432C1B4E0800EAC610 /* Debug */,
				3FE2AC442C1B4E0800EAC610 /* Release */,
			);
			defaultConfigurationIsVisible = 0;
			defaultConfigurationName = Release;
		};
/* End XCConfigurationList section */
	};
	rootObject = 3FE2AC102C1B4E0500EAC610 /* Project object */;
}
